<?xml version="1.0" encoding="UTF-8" standalone="yes" ?>
<CodeBlocks_project_file>
	<FileVersion major="1" minor="6" />
	<Project>
		<Option title="Black_Fleet_Odeau_Sereno" />
		<Option pch_mode="2" />
		<Option compiler="gcc" />
		<Build>
			<Target title="Debug">
				<Option output="bin/Debug/Black_Fleet_Odeau_Sereno" prefix_auto="1" extension_auto="1" />
				<Option object_output="obj/Debug/" />
				<Option type="1" />
				<Option compiler="gcc" />
				<Compiler>
					<Add option="-g" />
				</Compiler>
			</Target>
			<Target title="Release">
				<Option output="bin/Release/Black_Fleet_Odeau_Sereno" prefix_auto="1" extension_auto="1" />
				<Option object_output="obj/Release/" />
				<Option type="1" />
				<Option compiler="gcc" />
				<Compiler>
					<Add option="-O2" />
				</Compiler>
				<Linker>
					<Add option="-s" />
				</Linker>
			</Target>
		</Build>
		<Compiler>
			<Add option="-Wall" />
		</Compiler>
		<Unit filename="Affichage/Couleurs.c">
			<Option compilerVar="CC" />
		</Unit>
		<Unit filename="Affichage/Couleurs.h" />
		<Unit filename="Affichage/Plateau.c">
			<Option compilerVar="CC" />
		</Unit>
		<Unit filename="Affichage/Plateau.h" />
		<Unit filename="Declarations_Variables.h" />
		<Unit filename="Fonctions_Initialisation.c">
			<Option compilerVar="CC" />
		</Unit>
		<Unit filename="Fonctions_Initialisation.h" />
		<Unit filename="Menu.c">
			<Option compilerVar="CC" />
		</Unit>
		<Unit filename="Menu.h" />
		<Unit filename="Module_Jeux/Cartes.c">
			<Option compilerVar="CC" />
		</Unit>
		<Unit filename="Module_Jeux/Cartes.h" />
		<Unit filename="Module_Jeux/Déplacements.c">
			<Option compilerVar="CC" />
		</Unit>
		<Unit filename="Module_Jeux/Déplacements.h" />
		<Unit filename="Objets.h" />
		<Unit filename="main.c">
			<Option compilerVar="CC" />
		</Unit>
		<Extensions />
	</Project>
</CodeBlocks_project_file>
